// !$*UTF8*$!
{
	archiveVersion = 1;
	classes = {
	};
	objectVersion = 56;
	objects = {

/* Begin PBXBuildFile section */
		A51A8A912C9E859C00470AD3 /* AppDelegate.swift in Sources */ = {isa = PBXBuildFile; fileRef = A51A8A902C9E859C00470AD3 /* AppDelegate.swift */; };
		A51A8A932C9E859C00470AD3 /* SceneDelegate.swift in Sources */ = {isa = PBXBuildFile; fileRef = A51A8A922C9E859C00470AD3 /* SceneDelegate.swift */; };
		A51A8A952C9E859C00470AD3 /* ViewController.swift in Sources */ = {isa = PBXBuildFile; fileRef = A51A8A942C9E859C00470AD3 /* ViewController.swift */; };
		A51A8A982C9E859C00470AD3 /* Main.storyboard in Resources */ = {isa = PBXBuildFile; fileRef = A51A8A962C9E859C00470AD3 /* Main.storyboard */; };
		A51A8A9A2C9E859D00470AD3 /* Assets.xcassets in Resources */ = {isa = PBXBuildFile; fileRef = A51A8A992C9E859D00470AD3 /* Assets.xcassets */; };
		A51A8A9D2C9E859D00470AD3 /* LaunchScreen.storyboard in Resources */ = {isa = PBXBuildFile; fileRef = A51A8A9B2C9E859D00470AD3 /* LaunchScreen.storyboard */; };
		A51A8AA82C9E859D00470AD3 /* SearchTheGithubRepositoryTests.swift in Sources */ = {isa = PBXBuildFile; fileRef = A51A8AA72C9E859D00470AD3 /* SearchTheGithubRepositoryTests.swift */; };
		A51A8AB22C9E859D00470AD3 /* SearchTheGithubRepositoryUITests.swift in Sources */ = {isa = PBXBuildFile; fileRef = A51A8AB12C9E859D00470AD3 /* SearchTheGithubRepositoryUITests.swift */; };
		A51A8AB42C9E859D00470AD3 /* SearchTheGithubRepositoryUITestsLaunchTests.swift in Sources */ = {isa = PBXBuildFile; fileRef = A51A8AB32C9E859D00470AD3 /* SearchTheGithubRepositoryUITestsLaunchTests.swift */; };
		A51A8AC52C9E911200470AD3 /* CombineMoya in Frameworks */ = {isa = PBXBuildFile; productRef = A51A8AC42C9E911200470AD3 /* CombineMoya */; };
		A51A8AC82C9E91AE00470AD3 /* Kingfisher in Frameworks */ = {isa = PBXBuildFile; productRef = A51A8AC72C9E91AE00470AD3 /* Kingfisher */; };
		A51A8ACB2C9E93B200470AD3 /* SwiftyUserDefaults in Frameworks */ = {isa = PBXBuildFile; productRef = A51A8ACA2C9E93B200470AD3 /* SwiftyUserDefaults */; };
/* End PBXBuildFile section */

/* Begin PBXContainerItemProxy section */
		A51A8AA42C9E859D00470AD3 /* PBXContainerItemProxy */ = {
			isa = PBXContainerItemProxy;
			containerPortal = A51A8A852C9E859C00470AD3 /* Project object */;
			proxyType = 1;
			remoteGlobalIDString = A51A8A8C2C9E859C00470AD3;
			remoteInfo = SearchTheGithubRepository;
		};
		A51A8AAE2C9E859D00470AD3 /* PBXContainerItemProxy */ = {
			isa = PBXContainerItemProxy;
			containerPortal = A51A8A852C9E859C00470AD3 /* Project object */;
			proxyType = 1;
			remoteGlobalIDString = A51A8A8C2C9E859C00470AD3;
			remoteInfo = SearchTheGithubRepository;
		};
/* End PBXContainerItemProxy section */

/* Begin PBXFileReference section */
		A51A8A8D2C9E859C00470AD3 /* SearchTheGithubRepository.app */ = {isa = PBXFileReference; explicitFileType = wrapper.application; includeInIndex = 0; path = SearchTheGithubRepository.app; sourceTree = BUILT_PRODUCTS_DIR; };
		A51A8A902C9E859C00470AD3 /* AppDelegate.swift */ = {isa = PBXFileReference; lastKnownFileType = sourcecode.swift; path = AppDelegate.swift; sourceTree = "<group>"; };
		A51A8A922C9E859C00470AD3 /* SceneDelegate.swift */ = {isa = PBXFileReference; lastKnownFileType = sourcecode.swift; path = SceneDelegate.swift; sourceTree = "<group>"; };
		A51A8A942C9E859C00470AD3 /* ViewController.swift */ = {isa = PBXFileReference; lastKnownFileType = sourcecode.swift; path = ViewController.swift; sourceTree = "<group>"; };
		A51A8A972C9E859C00470AD3 /* Base */ = {isa = PBXFileReference; lastKnownFileType = file.storyboard; name = Base; path = Base.lproj/Main.storyboard; sourceTree = "<group>"; };
		A51A8A992C9E859D00470AD3 /* Assets.xcassets */ = {isa = PBXFileReference; lastKnownFileType = folder.assetcatalog; path = Assets.xcassets; sourceTree = "<group>"; };
		A51A8A9C2C9E859D00470AD3 /* Base */ = {isa = PBXFileReference; lastKnownFileType = file.storyboard; name = Base; path = Base.lproj/LaunchScreen.storyboard; sourceTree = "<group>"; };
		A51A8A9E2C9E859D00470AD3 /* Info.plist */ = {isa = PBXFileReference; lastKnownFileType = text.plist.xml; path = Info.plist; sourceTree = "<group>"; };
		A51A8AA32C9E859D00470AD3 /* SearchTheGithubRepositoryTests.xctest */ = {isa = PBXFileReference; explicitFileType = wrapper.cfbundle; includeInIndex = 0; path = SearchTheGithubRepositoryTests.xctest; sourceTree = BUILT_PRODUCTS_DIR; };
		A51A8AA72C9E859D00470AD3 /* SearchTheGithubRepositoryTests.swift */ = {isa = PBXFileReference; lastKnownFileType = sourcecode.swift; path = SearchTheGithubRepositoryTests.swift; sourceTree = "<group>"; };
		A51A8AAD2C9E859D00470AD3 /* SearchTheGithubRepositoryUITests.xctest */ = {isa = PBXFileReference; explicitFileType = wrapper.cfbundle; includeInIndex = 0; path = SearchTheGithubRepositoryUITests.xctest; sourceTree = BUILT_PRODUCTS_DIR; };
		A51A8AB12C9E859D00470AD3 /* SearchTheGithubRepositoryUITests.swift */ = {isa = PBXFileReference; lastKnownFileType = sourcecode.swift; path = SearchTheGithubRepositoryUITests.swift; sourceTree = "<group>"; };
		A51A8AB32C9E859D00470AD3 /* SearchTheGithubRepositoryUITestsLaunchTests.swift */ = {isa = PBXFileReference; lastKnownFileType = sourcecode.swift; path = SearchTheGithubRepositoryUITestsLaunchTests.swift; sourceTree = "<group>"; };
/* End PBXFileReference section */

/* Begin PBXFrameworksBuildPhase section */
		A51A8A8A2C9E859C00470AD3 /* Frameworks */ = {
			isa = PBXFrameworksBuildPhase;
			buildActionMask = 2147483647;
			files = (
				A51A8AC82C9E91AE00470AD3 /* Kingfisher in Frameworks */,
				A51A8ACB2C9E93B200470AD3 /* SwiftyUserDefaults in Frameworks */,
				A51A8AC52C9E911200470AD3 /* CombineMoya in Frameworks */,
			);
			runOnlyForDeploymentPostprocessing = 0;
		};
		A51A8AA02C9E859D00470AD3 /* Frameworks */ = {
			isa = PBXFrameworksBuildPhase;
			buildActionMask = 2147483647;
			files = (
			);
			runOnlyForDeploymentPostprocessing = 0;
		};
		A51A8AAA2C9E859D00470AD3 /* Frameworks */ = {
			isa = PBXFrameworksBuildPhase;
			buildActionMask = 2147483647;
			files = (
			);
			runOnlyForDeploymentPostprocessing = 0;
		};
/* End PBXFrameworksBuildPhase section */

/* Begin PBXGroup section */
		A51A8A842C9E859C00470AD3 = {
			isa = PBXGroup;
			children = (
				A51A8A8F2C9E859C00470AD3 /* SearchTheGithubRepository */,
				A51A8AA62C9E859D00470AD3 /* SearchTheGithubRepositoryTests */,
				A51A8AB02C9E859D00470AD3 /* SearchTheGithubRepositoryUITests */,
				A51A8A8E2C9E859C00470AD3 /* Products */,
			);
			sourceTree = "<group>";
		};
		A51A8A8E2C9E859C00470AD3 /* Products */ = {
			isa = PBXGroup;
			children = (
				A51A8A8D2C9E859C00470AD3 /* SearchTheGithubRepository.app */,
				A51A8AA32C9E859D00470AD3 /* SearchTheGithubRepositoryTests.xctest */,
				A51A8AAD2C9E859D00470AD3 /* SearchTheGithubRepositoryUITests.xctest */,
			);
			name = Products;
			sourceTree = "<group>";
		};
		A51A8A8F2C9E859C00470AD3 /* SearchTheGithubRepository */ = {
			isa = PBXGroup;
			children = (
				A51A8AC02C9E89DD00470AD3 /* Presentation */,
				A51A8AC12C9E8E5300470AD3 /* Domain */,
				A51A8AC22C9E8E5C00470AD3 /* Data */,
				A51A8A9E2C9E859D00470AD3 /* Info.plist */,
			);
			path = SearchTheGithubRepository;
			sourceTree = "<group>";
		};
		A51A8AA62C9E859D00470AD3 /* SearchTheGithubRepositoryTests */ = {
			isa = PBXGroup;
			children = (
				A51A8AA72C9E859D00470AD3 /* SearchTheGithubRepositoryTests.swift */,
			);
			path = SearchTheGithubRepositoryTests;
			sourceTree = "<group>";
		};
		A51A8AB02C9E859D00470AD3 /* SearchTheGithubRepositoryUITests */ = {
			isa = PBXGroup;
			children = (
				A51A8AB12C9E859D00470AD3 /* SearchTheGithubRepositoryUITests.swift */,
				A51A8AB32C9E859D00470AD3 /* SearchTheGithubRepositoryUITestsLaunchTests.swift */,
			);
			path = SearchTheGithubRepositoryUITests;
			sourceTree = "<group>";
		};
		A51A8AC02C9E89DD00470AD3 /* Presentation */ = {
			isa = PBXGroup;
			children = (
				A51A8A902C9E859C00470AD3 /* AppDelegate.swift */,
				A51A8A922C9E859C00470AD3 /* SceneDelegate.swift */,
				A51A8A962C9E859C00470AD3 /* Main.storyboard */,
				A51A8A992C9E859D00470AD3 /* Assets.xcassets */,
				A51A8A9B2C9E859D00470AD3 /* LaunchScreen.storyboard */,
				A51A8A942C9E859C00470AD3 /* ViewController.swift */,
			);
			path = Presentation;
			sourceTree = "<group>";
		};
		A51A8AC12C9E8E5300470AD3 /* Domain */ = {
			isa = PBXGroup;
			children = (
			);
			path = Domain;
			sourceTree = "<group>";
		};
		A51A8AC22C9E8E5C00470AD3 /* Data */ = {
			isa = PBXGroup;
			children = (
			);
			path = Data;
			sourceTree = "<group>";
		};
/* End PBXGroup section */

/* Begin PBXNativeTarget section */
		A51A8A8C2C9E859C00470AD3 /* SearchTheGithubRepository */ = {
			isa = PBXNativeTarget;
			buildConfigurationList = A51A8AB72C9E859D00470AD3 /* Build configuration list for PBXNativeTarget "SearchTheGithubRepository" */;
			buildPhases = (
				A51A8A892C9E859C00470AD3 /* Sources */,
				A51A8A8A2C9E859C00470AD3 /* Frameworks */,
				A51A8A8B2C9E859C00470AD3 /* Resources */,
			);
			buildRules = (
			);
			dependencies = (
			);
			name = SearchTheGithubRepository;
			packageProductDependencies = (
				A51A8AC42C9E911200470AD3 /* CombineMoya */,
				A51A8AC72C9E91AE00470AD3 /* Kingfisher */,
				A51A8ACA2C9E93B200470AD3 /* SwiftyUserDefaults */,
			);
			productName = SearchTheGithubRepository;
			productReference = A51A8A8D2C9E859C00470AD3 /* SearchTheGithubRepository.app */;
			productType = "com.apple.product-type.application";
		};
		A51A8AA22C9E859D00470AD3 /* SearchTheGithubRepositoryTests */ = {
			isa = PBXNativeTarget;
			buildConfigurationList = A51A8ABA2C9E859D00470AD3 /* Build configuration list for PBXNativeTarget "SearchTheGithubRepositoryTests" */;
			buildPhases = (
				A51A8A9F2C9E859D00470AD3 /* Sources */,
				A51A8AA02C9E859D00470AD3 /* Frameworks */,
				A51A8AA12C9E859D00470AD3 /* Resources */,
			);
			buildRules = (
			);
			dependencies = (
				A51A8AA52C9E859D00470AD3 /* PBXTargetDependency */,
			);
			name = SearchTheGithubRepositoryTests;
			productName = SearchTheGithubRepositoryTests;
			productReference = A51A8AA32C9E859D00470AD3 /* SearchTheGithubRepositoryTests.xctest */;
			productType = "com.apple.product-type.bundle.unit-test";
		};
		A51A8AAC2C9E859D00470AD3 /* SearchTheGithubRepositoryUITests */ = {
			isa = PBXNativeTarget;
			buildConfigurationList = A51A8ABD2C9E859D00470AD3 /* Build configuration list for PBXNativeTarget "SearchTheGithubRepositoryUITests" */;
			buildPhases = (
				A51A8AA92C9E859D00470AD3 /* Sources */,
				A51A8AAA2C9E859D00470AD3 /* Frameworks */,
				A51A8AAB2C9E859D00470AD3 /* Resources */,
			);
			buildRules = (
			);
			dependencies = (
				A51A8AAF2C9E859D00470AD3 /* PBXTargetDependency */,
			);
			name = SearchTheGithubRepositoryUITests;
			productName = SearchTheGithubRepositoryUITests;
			productReference = A51A8AAD2C9E859D00470AD3 /* SearchTheGithubRepositoryUITests.xctest */;
			productType = "com.apple.product-type.bundle.ui-testing";
		};
/* End PBXNativeTarget section */

/* Begin PBXProject section */
		A51A8A852C9E859C00470AD3 /* Project object */ = {
			isa = PBXProject;
			attributes = {
				BuildIndependentTargetsInParallel = 1;
				LastSwiftUpdateCheck = 1520;
				LastUpgradeCheck = 1520;
				TargetAttributes = {
					A51A8A8C2C9E859C00470AD3 = {
						CreatedOnToolsVersion = 15.2;
					};
					A51A8AA22C9E859D00470AD3 = {
						CreatedOnToolsVersion = 15.2;
						TestTargetID = A51A8A8C2C9E859C00470AD3;
					};
					A51A8AAC2C9E859D00470AD3 = {
						CreatedOnToolsVersion = 15.2;
						TestTargetID = A51A8A8C2C9E859C00470AD3;
					};
				};
			};
			buildConfigurationList = A51A8A882C9E859C00470AD3 /* Build configuration list for PBXProject "SearchTheGithubRepository" */;
			compatibilityVersion = "Xcode 14.0";
			developmentRegion = en;
			hasScannedForEncodings = 0;
			knownRegions = (
				en,
				Base,
			);
			mainGroup = A51A8A842C9E859C00470AD3;
			packageReferences = (
				A51A8AC32C9E911200470AD3 /* XCRemoteSwiftPackageReference "Moya" */,
				A51A8AC62C9E91AE00470AD3 /* XCRemoteSwiftPackageReference "Kingfisher" */,
				A51A8AC92C9E93B200470AD3 /* XCRemoteSwiftPackageReference "SwiftyUserDefaults" */,
			);
			productRefGroup = A51A8A8E2C9E859C00470AD3 /* Products */;
			projectDirPath = "";
			projectRoot = "";
			targets = (
				A51A8A8C2C9E859C00470AD3 /* SearchTheGithubRepository */,
				A51A8AA22C9E859D00470AD3 /* SearchTheGithubRepositoryTests */,
				A51A8AAC2C9E859D00470AD3 /* SearchTheGithubRepositoryUITests */,
			);
		};
/* End PBXProject section */

/* Begin PBXResourcesBuildPhase section */
		A51A8A8B2C9E859C00470AD3 /* Resources */ = {
			isa = PBXResourcesBuildPhase;
			buildActionMask = 2147483647;
			files = (
				A51A8A9D2C9E859D00470AD3 /* LaunchScreen.storyboard in Resources */,
				A51A8A9A2C9E859D00470AD3 /* Assets.xcassets in Resources */,
				A51A8A982C9E859C00470AD3 /* Main.storyboard in Resources */,
			);
			runOnlyForDeploymentPostprocessing = 0;
		};
		A51A8AA12C9E859D00470AD3 /* Resources */ = {
			isa = PBXResourcesBuildPhase;
			buildActionMask = 2147483647;
			files = (
			);
			runOnlyForDeploymentPostprocessing = 0;
		};
		A51A8AAB2C9E859D00470AD3 /* Resources */ = {
			isa = PBXResourcesBuildPhase;
			buildActionMask = 2147483647;
			files = (
			);
			runOnlyForDeploymentPostprocessing = 0;
		};
/* End PBXResourcesBuildPhase section */

/* Begin PBXSourcesBuildPhase section */
		A51A8A892C9E859C00470AD3 /* Sources */ = {
			isa = PBXSourcesBuildPhase;
			buildActionMask = 2147483647;
			files = (
				A51A8A952C9E859C00470AD3 /* ViewController.swift in Sources */,
				A51A8A912C9E859C00470AD3 /* AppDelegate.swift in Sources */,
				A51A8A932C9E859C00470AD3 /* SceneDelegate.swift in Sources */,
			);
			runOnlyForDeploymentPostprocessing = 0;
		};
		A51A8A9F2C9E859D00470AD3 /* Sources */ = {
			isa = PBXSourcesBuildPhase;
			buildActionMask = 2147483647;
			files = (
				A51A8AA82C9E859D00470AD3 /* SearchTheGithubRepositoryTests.swift in Sources */,
			);
			runOnlyForDeploymentPostprocessing = 0;
		};
		A51A8AA92C9E859D00470AD3 /* Sources */ = {
			isa = PBXSourcesBuildPhase;
			buildActionMask = 2147483647;
			files = (
				A51A8AB22C9E859D00470AD3 /* SearchTheGithubRepositoryUITests.swift in Sources */,
				A51A8AB42C9E859D00470AD3 /* SearchTheGithubRepositoryUITestsLaunchTests.swift in Sources */,
			);
			runOnlyForDeploymentPostprocessing = 0;
		};
/* End PBXSourcesBuildPhase section */

/* Begin PBXTargetDependency section */
		A51A8AA52C9E859D00470AD3 /* PBXTargetDependency */ = {
			isa = PBXTargetDependency;
			target = A51A8A8C2C9E859C00470AD3 /* SearchTheGithubRepository */;
			targetProxy = A51A8AA42C9E859D00470AD3 /* PBXContainerItemProxy */;
		};
		A51A8AAF2C9E859D00470AD3 /* PBXTargetDependency */ = {
			isa = PBXTargetDependency;
			target = A51A8A8C2C9E859C00470AD3 /* SearchTheGithubRepository */;
			targetProxy = A51A8AAE2C9E859D00470AD3 /* PBXContainerItemProxy */;
		};
/* End PBXTargetDependency section */

/* Begin PBXVariantGroup section */
		A51A8A962C9E859C00470AD3 /* Main.storyboard */ = {
			isa = PBXVariantGroup;
			children = (
				A51A8A972C9E859C00470AD3 /* Base */,
			);
			name = Main.storyboard;
			sourceTree = "<group>";
		};
		A51A8A9B2C9E859D00470AD3 /* LaunchScreen.storyboard */ = {
			isa = PBXVariantGroup;
			children = (
				A51A8A9C2C9E859D00470AD3 /* Base */,
			);
			name = LaunchScreen.storyboard;
			sourceTree = "<group>";
		};
/* End PBXVariantGroup section */

/* Begin XCBuildConfiguration section */
		A51A8AB52C9E859D00470AD3 /* Debug */ = {
			isa = XCBuildConfiguration;
			buildSettings = {
				ALWAYS_SEARCH_USER_PATHS = NO;
				ASSETCATALOG_COMPILER_GENERATE_SWIFT_ASSET_SYMBOL_EXTENSIONS = YES;
				CLANG_ANALYZER_NONNULL = YES;
				CLANG_ANALYZER_NUMBER_OBJECT_CONVERSION = YES_AGGRESSIVE;
				CLANG_CXX_LANGUAGE_STANDARD = "gnu++20";
				CLANG_ENABLE_MODULES = YES;
				CLANG_ENABLE_OBJC_ARC = YES;
				CLANG_ENABLE_OBJC_WEAK = YES;
				CLANG_WARN_BLOCK_CAPTURE_AUTORELEASING = YES;
				CLANG_WARN_BOOL_CONVERSION = YES;
				CLANG_WARN_COMMA = YES;
				CLANG_WARN_CONSTANT_CONVERSION = YES;
				CLANG_WARN_DEPRECATED_OBJC_IMPLEMENTATIONS = YES;
				CLANG_WARN_DIRECT_OBJC_ISA_USAGE = YES_ERROR;
				CLANG_WARN_DOCUMENTATION_COMMENTS = YES;
				CLANG_WARN_EMPTY_BODY = YES;
				CLANG_WARN_ENUM_CONVERSION = YES;
				CLANG_WARN_INFINITE_RECURSION = YES;
				CLANG_WARN_INT_CONVERSION = YES;
				CLANG_WARN_NON_LITERAL_NULL_CONVERSION = YES;
				CLANG_WARN_OBJC_IMPLICIT_RETAIN_SELF = YES;
				CLANG_WARN_OBJC_LITERAL_CONVERSION = YES;
				CLANG_WARN_OBJC_ROOT_CLASS = YES_ERROR;
				CLANG_WARN_QUOTED_INCLUDE_IN_FRAMEWORK_HEADER = YES;
				CLANG_WARN_RANGE_LOOP_ANALYSIS = YES;
				CLANG_WARN_STRICT_PROTOTYPES = YES;
				CLANG_WARN_SUSPICIOUS_MOVE = YES;
				CLANG_WARN_UNGUARDED_AVAILABILITY = YES_AGGRESSIVE;
				CLANG_WARN_UNREACHABLE_CODE = YES;
				CLANG_WARN__DUPLICATE_METHOD_MATCH = YES;
				COPY_PHASE_STRIP = NO;
				DEBUG_INFORMATION_FORMAT = dwarf;
				ENABLE_STRICT_OBJC_MSGSEND = YES;
				ENABLE_TESTABILITY = YES;
				ENABLE_USER_SCRIPT_SANDBOXING = YES;
				GCC_C_LANGUAGE_STANDARD = gnu17;
				GCC_DYNAMIC_NO_PIC = NO;
				GCC_NO_COMMON_BLOCKS = YES;
				GCC_OPTIMIZATION_LEVEL = 0;
				GCC_PREPROCESSOR_DEFINITIONS = (
					"DEBUG=1",
					"$(inherited)",
				);
				GCC_WARN_64_TO_32_BIT_CONVERSION = YES;
				GCC_WARN_ABOUT_RETURN_TYPE = YES_ERROR;
				GCC_WARN_UNDECLARED_SELECTOR = YES;
				GCC_WARN_UNINITIALIZED_AUTOS = YES_AGGRESSIVE;
				GCC_WARN_UNUSED_FUNCTION = YES;
				GCC_WARN_UNUSED_VARIABLE = YES;
				IPHONEOS_DEPLOYMENT_TARGET = 17.2;
				LOCALIZATION_PREFERS_STRING_CATALOGS = YES;
				MTL_ENABLE_DEBUG_INFO = INCLUDE_SOURCE;
				MTL_FAST_MATH = YES;
				ONLY_ACTIVE_ARCH = YES;
				SDKROOT = iphoneos;
				SWIFT_ACTIVE_COMPILATION_CONDITIONS = "DEBUG $(inherited)";
				SWIFT_OPTIMIZATION_LEVEL = "-Onone";
			};
			name = Debug;
		};
		A51A8AB62C9E859D00470AD3 /* Release */ = {
			isa = XCBuildConfiguration;
			buildSettings = {
				ALWAYS_SEARCH_USER_PATHS = NO;
				ASSETCATALOG_COMPILER_GENERATE_SWIFT_ASSET_SYMBOL_EXTENSIONS = YES;
				CLANG_ANALYZER_NONNULL = YES;
				CLANG_ANALYZER_NUMBER_OBJECT_CONVERSION = YES_AGGRESSIVE;
				CLANG_CXX_LANGUAGE_STANDARD = "gnu++20";
				CLANG_ENABLE_MODULES = YES;
				CLANG_ENABLE_OBJC_ARC = YES;
				CLANG_ENABLE_OBJC_WEAK = YES;
				CLANG_WARN_BLOCK_CAPTURE_AUTORELEASING = YES;
				CLANG_WARN_BOOL_CONVERSION = YES;
				CLANG_WARN_COMMA = YES;
				CLANG_WARN_CONSTANT_CONVERSION = YES;
				CLANG_WARN_DEPRECATED_OBJC_IMPLEMENTATIONS = YES;
				CLANG_WARN_DIRECT_OBJC_ISA_USAGE = YES_ERROR;
				CLANG_WARN_DOCUMENTATION_COMMENTS = YES;
				CLANG_WARN_EMPTY_BODY = YES;
				CLANG_WARN_ENUM_CONVERSION = YES;
				CLANG_WARN_INFINITE_RECURSION = YES;
				CLANG_WARN_INT_CONVERSION = YES;
				CLANG_WARN_NON_LITERAL_NULL_CONVERSION = YES;
				CLANG_WARN_OBJC_IMPLICIT_RETAIN_SELF = YES;
				CLANG_WARN_OBJC_LITERAL_CONVERSION = YES;
				CLANG_WARN_OBJC_ROOT_CLASS = YES_ERROR;
				CLANG_WARN_QUOTED_INCLUDE_IN_FRAMEWORK_HEADER = YES;
				CLANG_WARN_RANGE_LOOP_ANALYSIS = YES;
				CLANG_WARN_STRICT_PROTOTYPES = YES;
				CLANG_WARN_SUSPICIOUS_MOVE = YES;
				CLANG_WARN_UNGUARDED_AVAILABILITY = YES_AGGRESSIVE;
				CLANG_WARN_UNREACHABLE_CODE = YES;
				CLANG_WARN__DUPLICATE_METHOD_MATCH = YES;
				COPY_PHASE_STRIP = NO;
				DEBUG_INFORMATION_FORMAT = "dwarf-with-dsym";
				ENABLE_NS_ASSERTIONS = NO;
				ENABLE_STRICT_OBJC_MSGSEND = YES;
				ENABLE_USER_SCRIPT_SANDBOXING = YES;
				GCC_C_LANGUAGE_STANDARD = gnu17;
				GCC_NO_COMMON_BLOCKS = YES;
				GCC_WARN_64_TO_32_BIT_CONVERSION = YES;
				GCC_WARN_ABOUT_RETURN_TYPE = YES_ERROR;
				GCC_WARN_UNDECLARED_SELECTOR = YES;
				GCC_WARN_UNINITIALIZED_AUTOS = YES_AGGRESSIVE;
				GCC_WARN_UNUSED_FUNCTION = YES;
				GCC_WARN_UNUSED_VARIABLE = YES;
				IPHONEOS_DEPLOYMENT_TARGET = 17.2;
				LOCALIZATION_PREFERS_STRING_CATALOGS = YES;
				MTL_ENABLE_DEBUG_INFO = NO;
				MTL_FAST_MATH = YES;
				SDKROOT = iphoneos;
				SWIFT_COMPILATION_MODE = wholemodule;
				VALIDATE_PRODUCT = YES;
			};
			name = Release;
		};
		A51A8AB82C9E859D00470AD3 /* Debug */ = {
			isa = XCBuildConfiguration;
			buildSettings = {
				ASSETCATALOG_COMPILER_APPICON_NAME = AppIcon;
				ASSETCATALOG_COMPILER_GLOBAL_ACCENT_COLOR_NAME = AccentColor;
				CODE_SIGN_STYLE = Automatic;
				CURRENT_PROJECT_VERSION = 1;
				GENERATE_INFOPLIST_FILE = YES;
				INFOPLIST_FILE = SearchTheGithubRepository/Info.plist;
				INFOPLIST_KEY_UIApplicationSupportsIndirectInputEvents = YES;
				INFOPLIST_KEY_UILaunchStoryboardName = LaunchScreen;
				INFOPLIST_KEY_UIMainStoryboardFile = Main;
				INFOPLIST_KEY_UISupportedInterfaceOrientations_iPad = "UIInterfaceOrientationPortrait UIInterfaceOrientationPortraitUpsideDown UIInterfaceOrientationLandscapeLeft UIInterfaceOrientationLandscapeRight";
				INFOPLIST_KEY_UISupportedInterfaceOrientations_iPhone = "UIInterfaceOrientationPortrait UIInterfaceOrientationLandscapeLeft UIInterfaceOrientationLandscapeRight";
				LD_RUNPATH_SEARCH_PATHS = (
					"$(inherited)",
					"@executable_path/Frameworks",
				);
				MARKETING_VERSION = 1.0;
				PRODUCT_BUNDLE_IDENTIFIER = com.masher.dev.SearchTheGithubRepository;
				PRODUCT_NAME = "$(TARGET_NAME)";
				SWIFT_EMIT_LOC_STRINGS = YES;
				SWIFT_VERSION = 5.0;
				TARGETED_DEVICE_FAMILY = "1,2";
			};
			name = Debug;
		};
		A51A8AB92C9E859D00470AD3 /* Release */ = {
			isa = XCBuildConfiguration;
			buildSettings = {
				ASSETCATALOG_COMPILER_APPICON_NAME = AppIcon;
				ASSETCATALOG_COMPILER_GLOBAL_ACCENT_COLOR_NAME = AccentColor;
				CODE_SIGN_STYLE = Automatic;
				CURRENT_PROJECT_VERSION = 1;
				GENERATE_INFOPLIST_FILE = YES;
				INFOPLIST_FILE = SearchTheGithubRepository/Info.plist;
				INFOPLIST_KEY_UIApplicationSupportsIndirectInputEvents = YES;
				INFOPLIST_KEY_UILaunchStoryboardName = LaunchScreen;
				INFOPLIST_KEY_UIMainStoryboardFile = Main;
				INFOPLIST_KEY_UISupportedInterfaceOrientations_iPad = "UIInterfaceOrientationPortrait UIInterfaceOrientationPortraitUpsideDown UIInterfaceOrientationLandscapeLeft UIInterfaceOrientationLandscapeRight";
				INFOPLIST_KEY_UISupportedInterfaceOrientations_iPhone = "UIInterfaceOrientationPortrait UIInterfaceOrientationLandscapeLeft UIInterfaceOrientationLandscapeRight";
				LD_RUNPATH_SEARCH_PATHS = (
					"$(inherited)",
					"@executable_path/Frameworks",
				);
				MARKETING_VERSION = 1.0;
				PRODUCT_BUNDLE_IDENTIFIER = com.masher.dev.SearchTheGithubRepository;
				PRODUCT_NAME = "$(TARGET_NAME)";
				SWIFT_EMIT_LOC_STRINGS = YES;
				SWIFT_VERSION = 5.0;
				TARGETED_DEVICE_FAMILY = "1,2";
			};
			name = Release;
		};
		A51A8ABB2C9E859D00470AD3 /* Debug */ = {
			isa = XCBuildConfiguration;
			buildSettings = {
				ALWAYS_EMBED_SWIFT_STANDARD_LIBRARIES = YES;
				BUNDLE_LOADER = "$(TEST_HOST)";
				CODE_SIGN_STYLE = Automatic;
				CURRENT_PROJECT_VERSION = 1;
				GENERATE_INFOPLIST_FILE = YES;
				IPHONEOS_DEPLOYMENT_TARGET = 17.2;
				MARKETING_VERSION = 1.0;
				PRODUCT_BUNDLE_IDENTIFIER = com.masher.dev.SearchTheGithubRepositoryTests;
				PRODUCT_NAME = "$(TARGET_NAME)";
				SWIFT_EMIT_LOC_STRINGS = NO;
				SWIFT_VERSION = 5.0;
				TARGETED_DEVICE_FAMILY = "1,2";
				TEST_HOST = "$(BUILT_PRODUCTS_DIR)/SearchTheGithubRepository.app/$(BUNDLE_EXECUTABLE_FOLDER_PATH)/SearchTheGithubRepository";
			};
			name = Debug;
		};
		A51A8ABC2C9E859D00470AD3 /* Release */ = {
			isa = XCBuildConfiguration;
			buildSettings = {
				ALWAYS_EMBED_SWIFT_STANDARD_LIBRARIES = YES;
				BUNDLE_LOADER = "$(TEST_HOST)";
				CODE_SIGN_STYLE = Automatic;
				CURRENT_PROJECT_VERSION = 1;
				GENERATE_INFOPLIST_FILE = YES;
				IPHONEOS_DEPLOYMENT_TARGET = 17.2;
				MARKETING_VERSION = 1.0;
				PRODUCT_BUNDLE_IDENTIFIER = com.masher.dev.SearchTheGithubRepositoryTests;
				PRODUCT_NAME = "$(TARGET_NAME)";
				SWIFT_EMIT_LOC_STRINGS = NO;
				SWIFT_VERSION = 5.0;
				TARGETED_DEVICE_FAMILY = "1,2";
				TEST_HOST = "$(BUILT_PRODUCTS_DIR)/SearchTheGithubRepository.app/$(BUNDLE_EXECUTABLE_FOLDER_PATH)/SearchTheGithubRepository";
			};
			name = Release;
		};
		A51A8ABE2C9E859D00470AD3 /* Debug */ = {
			isa = XCBuildConfiguration;
			buildSettings = {
				ALWAYS_EMBED_SWIFT_STANDARD_LIBRARIES = YES;
				CODE_SIGN_STYLE = Automatic;
				CURRENT_PROJECT_VERSION = 1;
				GENERATE_INFOPLIST_FILE = YES;
				MARKETING_VERSION = 1.0;
				PRODUCT_BUNDLE_IDENTIFIER = com.masher.dev.SearchTheGithubRepositoryUITests;
				PRODUCT_NAME = "$(TARGET_NAME)";
				SWIFT_EMIT_LOC_STRINGS = NO;
				SWIFT_VERSION = 5.0;
				TARGETED_DEVICE_FAMILY = "1,2";
				TEST_TARGET_NAME = SearchTheGithubRepository;
			};
			name = Debug;
		};
		A51A8ABF2C9E859D00470AD3 /* Release */ = {
			isa = XCBuildConfiguration;
			buildSettings = {
				ALWAYS_EMBED_SWIFT_STANDARD_LIBRARIES = YES;
				CODE_SIGN_STYLE = Automatic;
				CURRENT_PROJECT_VERSION = 1;
				GENERATE_INFOPLIST_FILE = YES;
				MARKETING_VERSION = 1.0;
				PRODUCT_BUNDLE_IDENTIFIER = com.masher.dev.SearchTheGithubRepositoryUITests;
				PRODUCT_NAME = "$(TARGET_NAME)";
				SWIFT_EMIT_LOC_STRINGS = NO;
				SWIFT_VERSION = 5.0;
				TARGETED_DEVICE_FAMILY = "1,2";
				TEST_TARGET_NAME = SearchTheGithubRepository;
			};
			name = Release;
		};
/* End XCBuildConfiguration section */

/* Begin XCConfigurationList section */
		A51A8A882C9E859C00470AD3 /* Build configuration list for PBXProject "SearchTheGithubRepository" */ = {
			isa = XCConfigurationList;
			buildConfigurations = (
				A51A8AB52C9E859D00470AD3 /* Debug */,
				A51A8AB62C9E859D00470AD3 /* Release */,
			);
			defaultConfigurationIsVisible = 0;
			defaultConfigurationName = Release;
		};
		A51A8AB72C9E859D00470AD3 /* Build configuration list for PBXNativeTarget "SearchTheGithubRepository" */ = {
			isa = XCConfigurationList;
			buildConfigurations = (
				A51A8AB82C9E859D00470AD3 /* Debug */,
				A51A8AB92C9E859D00470AD3 /* Release */,
			);
			defaultConfigurationIsVisible = 0;
			defaultConfigurationName = Release;
		};
		A51A8ABA2C9E859D00470AD3 /* Build configuration list for PBXNativeTarget "SearchTheGithubRepositoryTests" */ = {
			isa = XCConfigurationList;
			buildConfigurations = (
				A51A8ABB2C9E859D00470AD3 /* Debug */,
				A51A8ABC2C9E859D00470AD3 /* Release */,
			);
			defaultConfigurationIsVisible = 0;
			defaultConfigurationName = Release;
		};
		A51A8ABD2C9E859D00470AD3 /* Build configuration list for PBXNativeTarget "SearchTheGithubRepositoryUITests" */ = {
			isa = XCConfigurationList;
			buildConfigurations = (
				A51A8ABE2C9E859D00470AD3 /* Debug */,
				A51A8ABF2C9E859D00470AD3 /* Release */,
			);
			defaultConfigurationIsVisible = 0;
			defaultConfigurationName = Release;
		};
/* End XCConfigurationList section */

/* Begin XCRemoteSwiftPackageReference section */
		A51A8AC32C9E911200470AD3 /* XCRemoteSwiftPackageReference "Moya" */ = {
			isa = XCRemoteSwiftPackageReference;
			repositoryURL = "https://github.com/Moya/Moya.git";
			requirement = {
				kind = upToNextMajorVersion;
				minimumVersion = 15.0.3;
			};
		};
		A51A8AC62C9E91AE00470AD3 /* XCRemoteSwiftPackageReference "Kingfisher" */ = {
			isa = XCRemoteSwiftPackageReference;
			repositoryURL = "https://github.com/onevcat/Kingfisher.git";
			requirement = {
				kind = upToNextMajorVersion;
				minimumVersion = 8.0.2;
			};
		};
		A51A8AC92C9E93B200470AD3 /* XCRemoteSwiftPackageReference "SwiftyUserDefaults" */ = {
			isa = XCRemoteSwiftPackageReference;
			repositoryURL = "https://github.com/sunshinejr/SwiftyUserDefaults.git";
			requirement = {
				kind = upToNextMajorVersion;
				minimumVersion = 5.3.0;
			};
		};
/* End XCRemoteSwiftPackageReference section */

/* Begin XCSwiftPackageProductDependency section */
		A51A8AC42C9E911200470AD3 /* CombineMoya */ = {
			isa = XCSwiftPackageProductDependency;
			package = A51A8AC32C9E911200470AD3 /* XCRemoteSwiftPackageReference "Moya" */;
			productName = CombineMoya;
		};
		A51A8AC72C9E91AE00470AD3 /* Kingfisher */ = {
			isa = XCSwiftPackageProductDependency;
			package = A51A8AC62C9E91AE00470AD3 /* XCRemoteSwiftPackageReference "Kingfisher" */;
			productName = Kingfisher;
		};
		A51A8ACA2C9E93B200470AD3 /* SwiftyUserDefaults */ = {
			isa = XCSwiftPackageProductDependency;
			package = A51A8AC92C9E93B200470AD3 /* XCRemoteSwiftPackageReference "SwiftyUserDefaults" */;
			productName = SwiftyUserDefaults;
		};
/* End XCSwiftPackageProductDependency section */
	};
	rootObject = A51A8A852C9E859C00470AD3 /* Project object */;
}
